
Microsoft Visual Studio Solution File, Format Version 12.00
# Visual Studio Version 16
VisualStudioVersion = 16.0.29418.71
MinimumVisualStudioVersion = 10.0.40219.1
Project("{FAE04EC0-301F-11D3-BF4B-00C04F79EFBC}") = "Historian Frame Prossor", "Historian Frame Prossor.csproj", "{6960CDE0-1E01-4F2A-A4B1-E9050EACAB6A}"
EndProject
Global
	GlobalSection(SolutionConfigurationPlatforms) = preSolution
		Debug|Any CPU = Debug|Any CPU
		Release|Any CPU = Release|Any CPU
	EndGlobalSection
	GlobalSection(ProjectConfigurationPlatforms) = postSolution
		{6960CDE0-1E01-4F2A-A4B1-E9050EACAB6A}.Debug|Any CPU.ActiveCfg = Debug|Any CPU
		{6960CDE0-1E01-4F2A-A4B1-E9050EACAB6A}.Debug|Any CPU.Build.0 = Debug|Any CPU
		{6960CDE0-1E01-4F2A-A4B1-E9050EACAB6A}.Release|Any CPU.ActiveCfg = Release|Any CPU
		{6960CDE0-1E01-4F2A-A4B1-E9050EACAB6A}.Release|Any CPU.Build.0 = Release|Any CPU
	EndGlobalSection
	GlobalSection(SolutionProperties) = preSolution
		HideSolutionNode = FALSE
	EndGlobalSection
	GlobalSection(ExtensibilityGlobals) = postSolution
		SolutionGuid = {8C65DA1D-AA5C-441D-A435-0FC638B3A7D6}
	EndGlobalSection
EndGlobal
